
Microsoft Visual Studio Solution File, Format Version 12.00
# Visual Studio 2013
VisualStudioVersion = 12.0.21005.1
MinimumVisualStudioVersion = 10.0.40219.1
Project("{8BC9CEB8-8B4A-11D0-8D11-00A0C91BC942}") = "nam password", "nam password\nam password.vcxproj", "{00CE2DC0-B00E-450A-B07E-98158CD2059A}"
EndProject
Project("{8BC9CEB8-8B4A-11D0-8D11-00A0C91BC942}") = "nam password test", "nam password test\nam password test.vcxproj", "{8469B3DD-3D40-4996-9ABF-DB82145F4D1F}"
EndProject
Global
	GlobalSection(SolutionConfigurationPlatforms) = preSolution
		Debug|Win32 = Debug|Win32
		Release|Win32 = Release|Win32
	EndGlobalSection
	GlobalSection(ProjectConfigurationPlatforms) = postSolution
		{00CE2DC0-B00E-450A-B07E-98158CD2059A}.Debug|Win32.ActiveCfg = Debug|Win32
		{00CE2DC0-B00E-450A-B07E-98158CD2059A}.Debug|Win32.Build.0 = Debug|Win32
		{00CE2DC0-B00E-450A-B07E-98158CD2059A}.Release|Win32.ActiveCfg = Release|Win32
		{00CE2DC0-B00E-450A-B07E-98158CD2059A}.Release|Win32.Build.0 = Release|Win32
		{8469B3DD-3D40-4996-9ABF-DB82145F4D1F}.Debug|Win32.ActiveCfg = Debug|Win32
		{8469B3DD-3D40-4996-9ABF-DB82145F4D1F}.Debug|Win32.Build.0 = Debug|Win32
		{8469B3DD-3D40-4996-9ABF-DB82145F4D1F}.Release|Win32.ActiveCfg = Release|Win32
		{8469B3DD-3D40-4996-9ABF-DB82145F4D1F}.Release|Win32.Build.0 = Release|Win32
	EndGlobalSection
	GlobalSection(SolutionProperties) = preSolution
		HideSolutionNode = FALSE
	EndGlobalSection
EndGlobal
